
Microsoft Visual Studio Solution File, Format Version 12.00
# Visual Studio Version 16
VisualStudioVersion = 16.0.32929.386
MinimumVisualStudioVersion = 10.0.40219.1
Project("{FAE04EC0-301F-11D3-BF4B-00C04F79EFBC}") = "LectureAbstract", "LectureAbstract\LectureAbstract.csproj", "{9B8DD495-4E67-4C49-A5DF-FB3E34D744E1}"
EndProject
Global
	GlobalSection(SolutionConfigurationPlatforms) = preSolution
		Debug|Any CPU = Debug|Any CPU
		Release|Any CPU = Release|Any CPU
	EndGlobalSection
	GlobalSection(ProjectConfigurationPlatforms) = postSolution
		{9B8DD495-4E67-4C49-A5DF-FB3E34D744E1}.Debug|Any CPU.ActiveCfg = Debug|Any CPU
		{9B8DD495-4E67-4C49-A5DF-FB3E34D744E1}.Debug|Any CPU.Build.0 = Debug|Any CPU
		{9B8DD495-4E67-4C49-A5DF-FB3E34D744E1}.Release|Any CPU.ActiveCfg = Release|Any CPU
		{9B8DD495-4E67-4C49-A5DF-FB3E34D744E1}.Release|Any CPU.Build.0 = Release|Any CPU
	EndGlobalSection
	GlobalSection(SolutionProperties) = preSolution
		HideSolutionNode = FALSE
	EndGlobalSection
	GlobalSection(ExtensibilityGlobals) = postSolution
		SolutionGuid = {DE2CEF48-AE16-4A0B-830D-10990C3292AF}
	EndGlobalSection
EndGlobal
